{
  "name": "docments_anciens_img",
  "lockfileVersion": 2,
  "requires": true,
  "packages": {
    "": {
      "dependencies": {
        "cytoscape-dblclick": "^0.3.1"
      }
    },
    "node_modules/cytoscape-dblclick": {
      "version": "0.3.1",
      "resolved": "https://registry.npmjs.org/cytoscape-dblclick/-/cytoscape-dblclick-0.3.1.tgz",
      "integrity": "sha512-xeL6lP2Td0RIvVSTxsBDY94KM0JfDsi9X6BPr6Y7PQGi5CP2RXx+1fNEtageXpk+gDkKFylW0pjoGbk2uc1J7Q=="
    }
  },
  "dependencies": {
    "cytoscape-dblclick": {
      "version": "0.3.1",
      "resolved": "https://registry.npmjs.org/cytoscape-dblclick/-/cytoscape-dblclick-0.3.1.tgz",
      "integrity": "sha512-xeL6lP2Td0RIvVSTxsBDY94KM0JfDsi9X6BPr6Y7PQGi5CP2RXx+1fNEtageXpk+gDkKFylW0pjoGbk2uc1J7Q=="
    }
  }
}
